
Microsoft Visual Studio Solution File, Format Version 12.00
# Visual Studio 15
VisualStudioVersion = 15.0.26206.0
MinimumVisualStudioVersion = 10.0.40219.1
Project("{FAE04EC0-301F-11D3-BF4B-00C04F79EFBC}") = "聊天室N", "聊天室N\聊天室N.csproj", "{051AFB42-1E28-4A33-9B1F-4DB722C00AAB}"
EndProject
Global
	GlobalSection(SolutionConfigurationPlatforms) = preSolution
		Debug|Any CPU = Debug|Any CPU
		Debug|x64 = Debug|x64
		Debug|x86 = Debug|x86
		Release|Any CPU = Release|Any CPU
		Release|x64 = Release|x64
		Release|x86 = Release|x86
	EndGlobalSection
	GlobalSection(ProjectConfigurationPlatforms) = postSolution
		{051AFB42-1E28-4A33-9B1F-4DB722C00AAB}.Debug|Any CPU.ActiveCfg = Debug|Any CPU
		{051AFB42-1E28-4A33-9B1F-4DB722C00AAB}.Debug|Any CPU.Build.0 = Debug|Any CPU
		{051AFB42-1E28-4A33-9B1F-4DB722C00AAB}.Debug|x64.ActiveCfg = Debug|x64
		{051AFB42-1E28-4A33-9B1F-4DB722C00AAB}.Debug|x64.Build.0 = Debug|x64
		{051AFB42-1E28-4A33-9B1F-4DB722C00AAB}.Debug|x86.ActiveCfg = Debug|x86
		{051AFB42-1E28-4A33-9B1F-4DB722C00AAB}.Debug|x86.Build.0 = Debug|x86
		{051AFB42-1E28-4A33-9B1F-4DB722C00AAB}.Release|Any CPU.ActiveCfg = Release|Any CPU
		{051AFB42-1E28-4A33-9B1F-4DB722C00AAB}.Release|Any CPU.Build.0 = Release|Any CPU
		{051AFB42-1E28-4A33-9B1F-4DB722C00AAB}.Release|x64.ActiveCfg = Release|x64
		{051AFB42-1E28-4A33-9B1F-4DB722C00AAB}.Release|x64.Build.0 = Release|x64
		{051AFB42-1E28-4A33-9B1F-4DB722C00AAB}.Release|x86.ActiveCfg = Release|x86
		{051AFB42-1E28-4A33-9B1F-4DB722C00AAB}.Release|x86.Build.0 = Release|x86
	EndGlobalSection
	GlobalSection(SolutionProperties) = preSolution
		HideSolutionNode = FALSE
	EndGlobalSection
EndGlobal
